
Microsoft Visual Studio Solution File, Format Version 12.00
# Visual Studio Version 17
VisualStudioVersion = 17.7.34031.279
MinimumVisualStudioVersion = 10.0.40219.1
Project("{FAE04EC0-301F-11D3-BF4B-00C04F79EFBC}") = "consumer", "consumer\consumer.csproj", "{BAC639A8-7C81-4BE1-A56D-47ED6E10E386}"
EndProject
Project("{FAE04EC0-301F-11D3-BF4B-00C04F79EFBC}") = "producer", "producer\producer.csproj", "{6FC7605F-0BD1-4E34-AC8D-A921E865A377}"
EndProject
Project("{2150E333-8FDC-42A3-9474-1A3956D46DE8}") = "gettingStarted", "gettingStarted", "{C0DCC75A-18D2-4C87-8B74-090076A658AF}"
EndProject
Global
	GlobalSection(SolutionConfigurationPlatforms) = preSolution
		Debug|Any CPU = Debug|Any CPU
		Release|Any CPU = Release|Any CPU
	EndGlobalSection
	GlobalSection(ProjectConfigurationPlatforms) = postSolution
		{BAC639A8-7C81-4BE1-A56D-47ED6E10E386}.Debug|Any CPU.ActiveCfg = Debug|Any CPU
		{BAC639A8-7C81-4BE1-A56D-47ED6E10E386}.Debug|Any CPU.Build.0 = Debug|Any CPU
		{BAC639A8-7C81-4BE1-A56D-47ED6E10E386}.Release|Any CPU.ActiveCfg = Release|Any CPU
		{BAC639A8-7C81-4BE1-A56D-47ED6E10E386}.Release|Any CPU.Build.0 = Release|Any CPU
		{6FC7605F-0BD1-4E34-AC8D-A921E865A377}.Debug|Any CPU.ActiveCfg = Debug|Any CPU
		{6FC7605F-0BD1-4E34-AC8D-A921E865A377}.Debug|Any CPU.Build.0 = Debug|Any CPU
		{6FC7605F-0BD1-4E34-AC8D-A921E865A377}.Release|Any CPU.ActiveCfg = Release|Any CPU
		{6FC7605F-0BD1-4E34-AC8D-A921E865A377}.Release|Any CPU.Build.0 = Release|Any CPU
	EndGlobalSection
	GlobalSection(SolutionProperties) = preSolution
		HideSolutionNode = FALSE
	EndGlobalSection
	GlobalSection(NestedProjects) = preSolution
		{BAC639A8-7C81-4BE1-A56D-47ED6E10E386} = {C0DCC75A-18D2-4C87-8B74-090076A658AF}
		{6FC7605F-0BD1-4E34-AC8D-A921E865A377} = {C0DCC75A-18D2-4C87-8B74-090076A658AF}
	EndGlobalSection
	GlobalSection(ExtensibilityGlobals) = postSolution
		SolutionGuid = {93CD4ABB-FC0C-4116-A2E6-DDEB97C759EE}
	EndGlobalSection
EndGlobal
