
Microsoft Visual Studio Solution File, Format Version 12.00
# Visual Studio Version 17
VisualStudioVersion = 17.7.34031.279
MinimumVisualStudioVersion = 10.0.40219.1
Project("{FAE04EC0-301F-11D3-BF4B-00C04F79EFBC}") = "consumer", "consumer\consumer.csproj", "{F612936B-0303-4595-B41B-3DCA1BD26DDD}"
EndProject
Project("{FAE04EC0-301F-11D3-BF4B-00C04F79EFBC}") = "producer", "producer\producer.csproj", "{410E95B2-A076-4C22-9AE9-7FF7842F05F3}"
EndProject
Global
	GlobalSection(SolutionConfigurationPlatforms) = preSolution
		Debug|Any CPU = Debug|Any CPU
		Release|Any CPU = Release|Any CPU
	EndGlobalSection
	GlobalSection(ProjectConfigurationPlatforms) = postSolution
		{F612936B-0303-4595-B41B-3DCA1BD26DDD}.Debug|Any CPU.ActiveCfg = Debug|Any CPU
		{F612936B-0303-4595-B41B-3DCA1BD26DDD}.Debug|Any CPU.Build.0 = Debug|Any CPU
		{F612936B-0303-4595-B41B-3DCA1BD26DDD}.Release|Any CPU.ActiveCfg = Release|Any CPU
		{F612936B-0303-4595-B41B-3DCA1BD26DDD}.Release|Any CPU.Build.0 = Release|Any CPU
		{410E95B2-A076-4C22-9AE9-7FF7842F05F3}.Debug|Any CPU.ActiveCfg = Debug|Any CPU
		{410E95B2-A076-4C22-9AE9-7FF7842F05F3}.Debug|Any CPU.Build.0 = Debug|Any CPU
		{410E95B2-A076-4C22-9AE9-7FF7842F05F3}.Release|Any CPU.ActiveCfg = Release|Any CPU
		{410E95B2-A076-4C22-9AE9-7FF7842F05F3}.Release|Any CPU.Build.0 = Release|Any CPU
	EndGlobalSection
	GlobalSection(SolutionProperties) = preSolution
		HideSolutionNode = FALSE
	EndGlobalSection
	GlobalSection(ExtensibilityGlobals) = postSolution
		SolutionGuid = {32474BC8-79A5-4660-BE94-7279F99DE3C0}
	EndGlobalSection
EndGlobal
